
Microsoft Visual Studio Solution File, Format Version 12.00
# Visual Studio Version 17
VisualStudioVersion = 17.8.34330.188
MinimumVisualStudioVersion = 10.0.40219.1
Project("{FAE04EC0-301F-11D3-BF4B-00C04F79EFBC}") = "WebScraping", "WebScraping\WebScraping.csproj", "{EE1CF41F-E807-4EE8-8CA5-C7AB38F6A47E}"
EndProject
Global
	GlobalSection(SolutionConfigurationPlatforms) = preSolution
		Debug|Any CPU = Debug|Any CPU
		Release|Any CPU = Release|Any CPU
	EndGlobalSection
	GlobalSection(ProjectConfigurationPlatforms) = postSolution
		{EE1CF41F-E807-4EE8-8CA5-C7AB38F6A47E}.Debug|Any CPU.ActiveCfg = Debug|Any CPU
		{EE1CF41F-E807-4EE8-8CA5-C7AB38F6A47E}.Debug|Any CPU.Build.0 = Debug|Any CPU
		{EE1CF41F-E807-4EE8-8CA5-C7AB38F6A47E}.Release|Any CPU.ActiveCfg = Release|Any CPU
		{EE1CF41F-E807-4EE8-8CA5-C7AB38F6A47E}.Release|Any CPU.Build.0 = Release|Any CPU
	EndGlobalSection
	GlobalSection(SolutionProperties) = preSolution
		HideSolutionNode = FALSE
	EndGlobalSection
	GlobalSection(ExtensibilityGlobals) = postSolution
		SolutionGuid = {EC04733F-5B24-43A3-A12B-6D9E2D7B06F4}
	EndGlobalSection
EndGlobal
